// !$*UTF8*$!
{
	archiveVersion = 1;
	classes = {
	};
	objectVersion = 52;
	objects = {

/* Begin PBXBuildFile section */
		0A4060A92658ED540017F25D /* OngoingViewPetitionCell.swift in Sources */ = {isa = PBXBuildFile; fileRef = 0A4060A82658ED540017F25D /* OngoingViewPetitionCell.swift */; };
		0A4060AB2658EFB20017F25D /* OngoingViewDataSource.swift in Sources */ = {isa = PBXBuildFile; fileRef = 0A4060AA2658EFB20017F25D /* OngoingViewDataSource.swift */; };
		0A4060AD2658F19F0017F25D /* OngoingViewEmptyPetitionCell.swift in Sources */ = {isa = PBXBuildFile; fileRef = 0A4060AC2658F19F0017F25D /* OngoingViewEmptyPetitionCell.swift */; };
		0A4812DB265CC33C009044FF /* SearchPresenter.swift in Sources */ = {isa = PBXBuildFile; fileRef = 0A4812D6265CC33C009044FF /* SearchPresenter.swift */; };
		0A4812DC265CC33C009044FF /* SearchRouter.swift in Sources */ = {isa = PBXBuildFile; fileRef = 0A4812D7265CC33C009044FF /* SearchRouter.swift */; };
		0A4812DD265CC33C009044FF /* SearchModels.swift in Sources */ = {isa = PBXBuildFile; fileRef = 0A4812D8265CC33C009044FF /* SearchModels.swift */; };
		0A4812DE265CC33C009044FF /* SearchViewController.swift in Sources */ = {isa = PBXBuildFile; fileRef = 0A4812D9265CC33C009044FF /* SearchViewController.swift */; };
		0A4812DF265CC33C009044FF /* SearchInteractor.swift in Sources */ = {isa = PBXBuildFile; fileRef = 0A4812DA265CC33C009044FF /* SearchInteractor.swift */; };
		0A4812E4265CC42D009044FF /* SearchViewPetitionCell.swift in Sources */ = {isa = PBXBuildFile; fileRef = 0A4812E3265CC42D009044FF /* SearchViewPetitionCell.swift */; };
		0A4812E6265CC4E2009044FF /* SearchViewDataSource.swift in Sources */ = {isa = PBXBuildFile; fileRef = 0A4812E5265CC4E2009044FF /* SearchViewDataSource.swift */; };
		0A4812E8265CC79E009044FF /* SearchViewEmptyPetitionCell.swift in Sources */ = {isa = PBXBuildFile; fileRef = 0A4812E7265CC79E009044FF /* SearchViewEmptyPetitionCell.swift */; };
		0A5385612652304C00BEB604 /* PetitionSituationInfo.swift in Sources */ = {isa = PBXBuildFile; fileRef = 0A5385602652304C00BEB604 /* PetitionSituationInfo.swift */; };
		0A610ECB265B8717001232A2 /* AwaitingViewDataSource.swift in Sources */ = {isa = PBXBuildFile; fileRef = 0A610ECA265B8717001232A2 /* AwaitingViewDataSource.swift */; };
		0A610ECE265B8754001232A2 /* AwaitingViewPetitionCell.swift in Sources */ = {isa = PBXBuildFile; fileRef = 0A610ECD265B8754001232A2 /* AwaitingViewPetitionCell.swift */; };
		0A610ED0265B878F001232A2 /* AwaitingViewEmptyPetitionCell.swift in Sources */ = {isa = PBXBuildFile; fileRef = 0A610ECF265B878F001232A2 /* AwaitingViewEmptyPetitionCell.swift */; };
		0A610ED2265B8B18001232A2 /* CompletedViewDataSource.swift in Sources */ = {isa = PBXBuildFile; fileRef = 0A610ED1265B8B18001232A2 /* CompletedViewDataSource.swift */; };
		0A610ED5265B8FE9001232A2 /* CompletedViewPetitionCell.swift in Sources */ = {isa = PBXBuildFile; fileRef = 0A610ED4265B8FE9001232A2 /* CompletedViewPetitionCell.swift */; };
		0A610ED7265B8FFB001232A2 /* CompletedViewEmptyPetitionCell.swift in Sources */ = {isa = PBXBuildFile; fileRef = 0A610ED6265B8FFB001232A2 /* CompletedViewEmptyPetitionCell.swift */; };
		0A72506C264B90B100D82F68 /* HomeViewButtonWidgetCell.swift in Sources */ = {isa = PBXBuildFile; fileRef = 0A72506B264B90B100D82F68 /* HomeViewButtonWidgetCell.swift */; };
		0A95803226535E5C007A950F /* HomeError.swift in Sources */ = {isa = PBXBuildFile; fileRef = 0A95803126535E5C007A950F /* HomeError.swift */; };
		0AAA355F2656443400F01715 /* HomeViewEmptyPetitionCell.swift in Sources */ = {isa = PBXBuildFile; fileRef = 0AAA355E2656443400F01715 /* HomeViewEmptyPetitionCell.swift */; };
		0AD30440265B973B00E91818 /* PetitionFetchType.swift in Sources */ = {isa = PBXBuildFile; fileRef = 0AD3043F265B973B00E91818 /* PetitionFetchType.swift */; };
		0AD30447265BB48C00E91818 /* AnswerWritePresenter.swift in Sources */ = {isa = PBXBuildFile; fileRef = 0AD30442265BB48C00E91818 /* AnswerWritePresenter.swift */; };
		0AD30448265BB48C00E91818 /* AnswerWriteRouter.swift in Sources */ = {isa = PBXBuildFile; fileRef = 0AD30443265BB48C00E91818 /* AnswerWriteRouter.swift */; };
		0AD30449265BB48C00E91818 /* AnswerWriteModels.swift in Sources */ = {isa = PBXBuildFile; fileRef = 0AD30444265BB48C00E91818 /* AnswerWriteModels.swift */; };
		0AD3044A265BB48C00E91818 /* AnswerWriteViewController.swift in Sources */ = {isa = PBXBuildFile; fileRef = 0AD30445265BB48C00E91818 /* AnswerWriteViewController.swift */; };
		0AD3044B265BB48C00E91818 /* AnswerWriteInteractor.swift in Sources */ = {isa = PBXBuildFile; fileRef = 0AD30446265BB48C00E91818 /* AnswerWriteInteractor.swift */; };
		0AE229BD2649402300312190 /* HomeViewSearchCell.swift in Sources */ = {isa = PBXBuildFile; fileRef = 0AE229BC2649402300312190 /* HomeViewSearchCell.swift */; };
		0AE229BF2649404800312190 /* HomeViewBannerCell.swift in Sources */ = {isa = PBXBuildFile; fileRef = 0AE229BE2649404800312190 /* HomeViewBannerCell.swift */; };
		0AE229C22649412B00312190 /* HomeViewDataSource.swift in Sources */ = {isa = PBXBuildFile; fileRef = 0AE229C12649412B00312190 /* HomeViewDataSource.swift */; };
		0AE229C42649420600312190 /* HomeViewWidgetCell.swift in Sources */ = {isa = PBXBuildFile; fileRef = 0AE229C32649420600312190 /* HomeViewWidgetCell.swift */; };
		0AE229C62649421C00312190 /* HomeViewPetitionCell.swift in Sources */ = {isa = PBXBuildFile; fileRef = 0AE229C52649421C00312190 /* HomeViewPetitionCell.swift */; };
		0AE229C8264945FC00312190 /* HomeViewPetitionHeader.swift in Sources */ = {isa = PBXBuildFile; fileRef = 0AE229C7264945FC00312190 /* HomeViewPetitionHeader.swift */; };
		0AE5C3D9264B7F3900E753F8 /* Preview.swift in Sources */ = {isa = PBXBuildFile; fileRef = 0AE5C3D8264B7F3900E753F8 /* Preview.swift */; };
		6F10C22B2627E0F7003133A6 /* SplashViewController.swift in Sources */ = {isa = PBXBuildFile; fileRef = 6F10C22A2627E0F7003133A6 /* SplashViewController.swift */; };
		6F10C22F2627E104003133A6 /* SplashPresenter.swift in Sources */ = {isa = PBXBuildFile; fileRef = 6F10C22E2627E104003133A6 /* SplashPresenter.swift */; };
		6F10C2322627E10B003133A6 /* SplashInteractor.swift in Sources */ = {isa = PBXBuildFile; fileRef = 6F10C2312627E10B003133A6 /* SplashInteractor.swift */; };
		6F10C2352627E112003133A6 /* SplashModels.swift in Sources */ = {isa = PBXBuildFile; fileRef = 6F10C2342627E112003133A6 /* SplashModels.swift */; };
		6F10C2382627E11E003133A6 /* SplashRouter.swift in Sources */ = {isa = PBXBuildFile; fileRef = 6F10C2372627E11E003133A6 /* SplashRouter.swift */; };
		6F10C23C2627E143003133A6 /* UIViewController.swift in Sources */ = {isa = PBXBuildFile; fileRef = 6F10C23B2627E143003133A6 /* UIViewController.swift */; };
		6F10C2402627F710003133A6 /* SnapKit in Frameworks */ = {isa = PBXBuildFile; productRef = 6F10C23F2627F710003133A6 /* SnapKit */; };
		6F32A874262FF0C50053184A /* Then in Frameworks */ = {isa = PBXBuildFile; productRef = 6F32A873262FF0C50053184A /* Then */; };
		6F32E7DF25FF230F00269198 /* AppDelegate.swift in Sources */ = {isa = PBXBuildFile; fileRef = 6F32E7DE25FF230F00269198 /* AppDelegate.swift */; };
		6F32E7E125FF230F00269198 /* SceneDelegate.swift in Sources */ = {isa = PBXBuildFile; fileRef = 6F32E7E025FF230F00269198 /* SceneDelegate.swift */; };
		6F32E7E825FF231000269198 /* Assets.xcassets in Resources */ = {isa = PBXBuildFile; fileRef = 6F32E7E725FF231000269198 /* Assets.xcassets */; };
		6F32E7EB25FF231000269198 /* LaunchScreen.storyboard in Resources */ = {isa = PBXBuildFile; fileRef = 6F32E7E925FF231000269198 /* LaunchScreen.storyboard */; };
		6F452A4A263800C700E28713 /* MainViewController.swift in Sources */ = {isa = PBXBuildFile; fileRef = 6F452A45263800C700E28713 /* MainViewController.swift */; };
		6F452A5D263832B100E28713 /* Tabman in Frameworks */ = {isa = PBXBuildFile; productRef = 6F452A5C263832B100E28713 /* Tabman */; };
		6F452A6C2638D86E00E28713 /* HomePresenter.swift in Sources */ = {isa = PBXBuildFile; fileRef = 6F452A672638D86E00E28713 /* HomePresenter.swift */; };
		6F452A6D2638D86E00E28713 /* HomeRouter.swift in Sources */ = {isa = PBXBuildFile; fileRef = 6F452A682638D86E00E28713 /* HomeRouter.swift */; };
		6F452A6E2638D86E00E28713 /* HomeModels.swift in Sources */ = {isa = PBXBuildFile; fileRef = 6F452A692638D86E00E28713 /* HomeModels.swift */; };
		6F452A6F2638D86E00E28713 /* HomeViewController.swift in Sources */ = {isa = PBXBuildFile; fileRef = 6F452A6A2638D86E00E28713 /* HomeViewController.swift */; };
		6F452A702638D86E00E28713 /* HomeInteractor.swift in Sources */ = {isa = PBXBuildFile; fileRef = 6F452A6B2638D86E00E28713 /* HomeInteractor.swift */; };
		6F452A772638D87900E28713 /* OngoingPresenter.swift in Sources */ = {isa = PBXBuildFile; fileRef = 6F452A722638D87900E28713 /* OngoingPresenter.swift */; };
		6F452A782638D87900E28713 /* OngoingRouter.swift in Sources */ = {isa = PBXBuildFile; fileRef = 6F452A732638D87900E28713 /* OngoingRouter.swift */; };
		6F452A792638D87900E28713 /* OngoingModels.swift in Sources */ = {isa = PBXBuildFile; fileRef = 6F452A742638D87900E28713 /* OngoingModels.swift */; };
		6F452A7A2638D87900E28713 /* OngoingViewController.swift in Sources */ = {isa = PBXBuildFile; fileRef = 6F452A752638D87900E28713 /* OngoingViewController.swift */; };
		6F452A7B2638D87900E28713 /* OngoingInteractor.swift in Sources */ = {isa = PBXBuildFile; fileRef = 6F452A762638D87900E28713 /* OngoingInteractor.swift */; };
		6F452A822638D88100E28713 /* AwaitingPresenter.swift in Sources */ = {isa = PBXBuildFile; fileRef = 6F452A7D2638D88100E28713 /* AwaitingPresenter.swift */; };
		6F452A832638D88100E28713 /* AwaitingRouter.swift in Sources */ = {isa = PBXBuildFile; fileRef = 6F452A7E2638D88100E28713 /* AwaitingRouter.swift */; };
		6F452A842638D88100E28713 /* AwaitingModels.swift in Sources */ = {isa = PBXBuildFile; fileRef = 6F452A7F2638D88100E28713 /* AwaitingModels.swift */; };
		6F452A852638D88100E28713 /* AwaitingViewController.swift in Sources */ = {isa = PBXBuildFile; fileRef = 6F452A802638D88100E28713 /* AwaitingViewController.swift */; };
		6F452A862638D88100E28713 /* AwaitingInteractor.swift in Sources */ = {isa = PBXBuildFile; fileRef = 6F452A812638D88100E28713 /* AwaitingInteractor.swift */; };
		6F452A8D2638D88800E28713 /* CompletedPresenter.swift in Sources */ = {isa = PBXBuildFile; fileRef = 6F452A882638D88800E28713 /* CompletedPresenter.swift */; };
		6F452A8E2638D88800E28713 /* CompletedRouter.swift in Sources */ = {isa = PBXBuildFile; fileRef = 6F452A892638D88800E28713 /* CompletedRouter.swift */; };
		6F452A8F2638D88800E28713 /* CompletedModels.swift in Sources */ = {isa = PBXBuildFile; fileRef = 6F452A8A2638D88800E28713 /* CompletedModels.swift */; };
		6F452A902638D88800E28713 /* CompletedViewController.swift in Sources */ = {isa = PBXBuildFile; fileRef = 6F452A8B2638D88800E28713 /* CompletedViewController.swift */; };
		6F452A912638D88800E28713 /* CompletedInteractor.swift in Sources */ = {isa = PBXBuildFile; fileRef = 6F452A8C2638D88800E28713 /* CompletedInteractor.swift */; };
		6F452A962638E21E00E28713 /* CardView.swift in Sources */ = {isa = PBXBuildFile; fileRef = 6F452A952638E21E00E28713 /* CardView.swift */; };
		6F5001F825FF23FA00289990 /* Constants.swift in Sources */ = {isa = PBXBuildFile; fileRef = 6F5001F725FF23FA00289990 /* Constants.swift */; };
		6F582337263113E5004B06F2 /* CheckRegisteredUserResponse.swift in Sources */ = {isa = PBXBuildFile; fileRef = 6F582336263113E5004B06F2 /* CheckRegisteredUserResponse.swift */; };
		6FB975CE262D1BDC00AF9B8E /* LoginWorker.swift in Sources */ = {isa = PBXBuildFile; fileRef = 6FB975CD262D1BDC00AF9B8E /* LoginWorker.swift */; };
		6FB975D1262D1BE400AF9B8E /* RegisterWorker.swift in Sources */ = {isa = PBXBuildFile; fileRef = 6FB975D0262D1BE400AF9B8E /* RegisterWorker.swift */; };
		6FB975D4262D1BEA00AF9B8E /* PetitionWorker.swift in Sources */ = {isa = PBXBuildFile; fileRef = 6FB975D3262D1BEA00AF9B8E /* PetitionWorker.swift */; };
		6FB975D7262D1BF300AF9B8E /* AnswerWorker.swift in Sources */ = {isa = PBXBuildFile; fileRef = 6FB975D6262D1BF300AF9B8E /* AnswerWorker.swift */; };
		6FB975DA262D1BFE00AF9B8E /* AgreeWorker.swift in Sources */ = {isa = PBXBuildFile; fileRef = 6FB975D9262D1BFE00AF9B8E /* AgreeWorker.swift */; };
		6FB975EA262D203A00AF9B8E /* WelcomePresenter.swift in Sources */ = {isa = PBXBuildFile; fileRef = 6FB975E4262D203A00AF9B8E /* WelcomePresenter.swift */; };
		6FB975EC262D203A00AF9B8E /* WelcomeRouter.swift in Sources */ = {isa = PBXBuildFile; fileRef = 6FB975E6262D203A00AF9B8E /* WelcomeRouter.swift */; };
		6FB975ED262D203A00AF9B8E /* WelcomeModels.swift in Sources */ = {isa = PBXBuildFile; fileRef = 6FB975E7262D203A00AF9B8E /* WelcomeModels.swift */; };
		6FB975EE262D203A00AF9B8E /* WelcomeViewController.swift in Sources */ = {isa = PBXBuildFile; fileRef = 6FB975E8262D203A00AF9B8E /* WelcomeViewController.swift */; };
		6FB975EF262D203A00AF9B8E /* WelcomeInteractor.swift in Sources */ = {isa = PBXBuildFile; fileRef = 6FB975E9262D203A00AF9B8E /* WelcomeInteractor.swift */; };
		6FB975F5262D262400AF9B8E /* Moya in Frameworks */ = {isa = PBXBuildFile; productRef = 6FB975F4262D262400AF9B8E /* Moya */; };
		6FB975F9262D269B00AF9B8E /* RealmSwift in Frameworks */ = {isa = PBXBuildFile; productRef = 6FB975F8262D269B00AF9B8E /* RealmSwift */; };
		6FB975FF262D270600AF9B8E /* AuthAPI.swift in Sources */ = {isa = PBXBuildFile; fileRef = 6FB975FE262D270600AF9B8E /* AuthAPI.swift */; };
		6FB97602262D276D00AF9B8E /* AuthLocal.swift in Sources */ = {isa = PBXBuildFile; fileRef = 6FB97601262D276D00AF9B8E /* AuthLocal.swift */; };
		6FB97606262D27E000AF9B8E /* TokenEntity.swift in Sources */ = {isa = PBXBuildFile; fileRef = 6FB97605262D27E000AF9B8E /* TokenEntity.swift */; };
		6FB9760A262D281600AF9B8E /* Local.swift in Sources */ = {isa = PBXBuildFile; fileRef = 6FB97609262D281600AF9B8E /* Local.swift */; };
		6FB9760D262D290D00AF9B8E /* CustomError.swift in Sources */ = {isa = PBXBuildFile; fileRef = 6FB9760C262D290D00AF9B8E /* CustomError.swift */; };
		6FB97611262D2B7200AF9B8E /* Worker.swift in Sources */ = {isa = PBXBuildFile; fileRef = 6FB97610262D2B7200AF9B8E /* Worker.swift */; };
		6FB9762F262D431700AF9B8E /* LoginRequest.swift in Sources */ = {isa = PBXBuildFile; fileRef = 6FB9762E262D431700AF9B8E /* LoginRequest.swift */; };
		6FB97634262D435B00AF9B8E /* LoginResponse.swift in Sources */ = {isa = PBXBuildFile; fileRef = 6FB97633262D435B00AF9B8E /* LoginResponse.swift */; };
		6FB97638262D4BA000AF9B8E /* Response.swift in Sources */ = {isa = PBXBuildFile; fileRef = 6FB97637262D4BA000AF9B8E /* Response.swift */; };
		6FC9B53A262807DF009330E1 /* WindowManager.swift in Sources */ = {isa = PBXBuildFile; fileRef = 6FC9B539262807DF009330E1 /* WindowManager.swift */; };
		6FC9B579262811F6009330E1 /* Toast in Frameworks */ = {isa = PBXBuildFile; productRef = 6FC9B578262811F6009330E1 /* Toast */; };
		6FCCD89E262EEF5C00ECC9C2 /* RegisterRequest.swift in Sources */ = {isa = PBXBuildFile; fileRef = 6FCCD89D262EEF5C00ECC9C2 /* RegisterRequest.swift */; };
		6FCCD8A1262EF38000ECC9C2 /* PetitionSimpleInfo.swift in Sources */ = {isa = PBXBuildFile; fileRef = 6FCCD8A0262EF38000ECC9C2 /* PetitionSimpleInfo.swift */; };
		6FCCD8A4262EF3FE00ECC9C2 /* PetitionDetailInfo.swift in Sources */ = {isa = PBXBuildFile; fileRef = 6FCCD8A3262EF3FE00ECC9C2 /* PetitionDetailInfo.swift */; };
		6FD23E30262FC55B001E444E /* AnswerDetailInfo.swift in Sources */ = {isa = PBXBuildFile; fileRef = 6FD23E2F262FC55B001E444E /* AnswerDetailInfo.swift */; };
		6FD23E34262FC70E001E444E /* AgreeDetailInfo.swift in Sources */ = {isa = PBXBuildFile; fileRef = 6FD23E33262FC70E001E444E /* AgreeDetailInfo.swift */; };
		6FE0199D26314F5100A3096E /* RegisterPresenter.swift in Sources */ = {isa = PBXBuildFile; fileRef = 6FE0199726314F5100A3096E /* RegisterPresenter.swift */; };
		6FE0199F26314F5100A3096E /* RegisterRouter.swift in Sources */ = {isa = PBXBuildFile; fileRef = 6FE0199926314F5100A3096E /* RegisterRouter.swift */; };
		6FE019A026314F5100A3096E /* RegisterModels.swift in Sources */ = {isa = PBXBuildFile; fileRef = 6FE0199A26314F5100A3096E /* RegisterModels.swift */; };
		6FE019A126314F5100A3096E /* RegisterViewController.swift in Sources */ = {isa = PBXBuildFile; fileRef = 6FE0199B26314F5100A3096E /* RegisterViewController.swift */; };
		6FE019A226314F5100A3096E /* RegisterInteractor.swift in Sources */ = {isa = PBXBuildFile; fileRef = 6FE0199C26314F5100A3096E /* RegisterInteractor.swift */; };
		6FEE7D78262E787A00B5B671 /* PetitionAPI.swift in Sources */ = {isa = PBXBuildFile; fileRef = 6FEE7D77262E787A00B5B671 /* PetitionAPI.swift */; };
		6FEE7D7B262E908000B5B671 /* PetitionRequest.swift in Sources */ = {isa = PBXBuildFile; fileRef = 6FEE7D7A262E908000B5B671 /* PetitionRequest.swift */; };
		6FEE7D7E262E941000B5B671 /* AnswerAPI.swift in Sources */ = {isa = PBXBuildFile; fileRef = 6FEE7D7D262E941000B5B671 /* AnswerAPI.swift */; };
		6FEE7D81262E953A00B5B671 /* AnswerRequest.swift in Sources */ = {isa = PBXBuildFile; fileRef = 6FEE7D80262E953A00B5B671 /* AnswerRequest.swift */; };
		6FEE7D84262E961500B5B671 /* TokenAPI.swift in Sources */ = {isa = PBXBuildFile; fileRef = 6FEE7D83262E961500B5B671 /* TokenAPI.swift */; };
		6FEE7D87262E973700B5B671 /* AgreeAPI.swift in Sources */ = {isa = PBXBuildFile; fileRef = 6FEE7D86262E973700B5B671 /* AgreeAPI.swift */; };
		6FEE7D8B262E97AB00B5B671 /* AgreeRequest.swift in Sources */ = {isa = PBXBuildFile; fileRef = 6FEE7D8A262E97AB00B5B671 /* AgreeRequest.swift */; };
		EEA16DE988702C78098F017A /* Pods_DGSW_Petition_iOS.framework in Frameworks */ = {isa = PBXBuildFile; fileRef = A8B417766184C245E4A42BEC /* Pods_DGSW_Petition_iOS.framework */; };
/* End PBXBuildFile section */

/* Begin PBXFileReference section */
		0A4060A82658ED540017F25D /* OngoingViewPetitionCell.swift */ = {isa = PBXFileReference; lastKnownFileType = sourcecode.swift; path = OngoingViewPetitionCell.swift; sourceTree = "<group>"; };
		0A4060AA2658EFB20017F25D /* OngoingViewDataSource.swift */ = {isa = PBXFileReference; lastKnownFileType = sourcecode.swift; path = OngoingViewDataSource.swift; sourceTree = "<group>"; };
		0A4060AC2658F19F0017F25D /* OngoingViewEmptyPetitionCell.swift */ = {isa = PBXFileReference; lastKnownFileType = sourcecode.swift; path = OngoingViewEmptyPetitionCell.swift; sourceTree = "<group>"; };
		0A4812D6265CC33C009044FF /* SearchPresenter.swift */ = {isa = PBXFileReference; lastKnownFileType = sourcecode.swift; path = SearchPresenter.swift; sourceTree = "<group>"; };
		0A4812D7265CC33C009044FF /* SearchRouter.swift */ = {isa = PBXFileReference; lastKnownFileType = sourcecode.swift; path = SearchRouter.swift; sourceTree = "<group>"; };
		0A4812D8265CC33C009044FF /* SearchModels.swift */ = {isa = PBXFileReference; lastKnownFileType = sourcecode.swift; path = SearchModels.swift; sourceTree = "<group>"; };
		0A4812D9265CC33C009044FF /* SearchViewController.swift */ = {isa = PBXFileReference; lastKnownFileType = sourcecode.swift; path = SearchViewController.swift; sourceTree = "<group>"; };
		0A4812DA265CC33C009044FF /* SearchInteractor.swift */ = {isa = PBXFileReference; lastKnownFileType = sourcecode.swift; path = SearchInteractor.swift; sourceTree = "<group>"; };
		0A4812E3265CC42D009044FF /* SearchViewPetitionCell.swift */ = {isa = PBXFileReference; lastKnownFileType = sourcecode.swift; path = SearchViewPetitionCell.swift; sourceTree = "<group>"; };
		0A4812E5265CC4E2009044FF /* SearchViewDataSource.swift */ = {isa = PBXFileReference; lastKnownFileType = sourcecode.swift; path = SearchViewDataSource.swift; sourceTree = "<group>"; };
		0A4812E7265CC79E009044FF /* SearchViewEmptyPetitionCell.swift */ = {isa = PBXFileReference; lastKnownFileType = sourcecode.swift; path = SearchViewEmptyPetitionCell.swift; sourceTree = "<group>"; };
		0A5385602652304C00BEB604 /* PetitionSituationInfo.swift */ = {isa = PBXFileReference; lastKnownFileType = sourcecode.swift; path = PetitionSituationInfo.swift; sourceTree = "<group>"; };
		0A610ECA265B8717001232A2 /* AwaitingViewDataSource.swift */ = {isa = PBXFileReference; lastKnownFileType = sourcecode.swift; path = AwaitingViewDataSource.swift; sourceTree = "<group>"; };
		0A610ECD265B8754001232A2 /* AwaitingViewPetitionCell.swift */ = {isa = PBXFileReference; lastKnownFileType = sourcecode.swift; path = AwaitingViewPetitionCell.swift; sourceTree = "<group>"; };
		0A610ECF265B878F001232A2 /* AwaitingViewEmptyPetitionCell.swift */ = {isa = PBXFileReference; lastKnownFileType = sourcecode.swift; path = AwaitingViewEmptyPetitionCell.swift; sourceTree = "<group>"; };
		0A610ED1265B8B18001232A2 /* CompletedViewDataSource.swift */ = {isa = PBXFileReference; lastKnownFileType = sourcecode.swift; path = CompletedViewDataSource.swift; sourceTree = "<group>"; };
		0A610ED4265B8FE9001232A2 /* CompletedViewPetitionCell.swift */ = {isa = PBXFileReference; lastKnownFileType = sourcecode.swift; path = CompletedViewPetitionCell.swift; sourceTree = "<group>"; };
		0A610ED6265B8FFB001232A2 /* CompletedViewEmptyPetitionCell.swift */ = {isa = PBXFileReference; lastKnownFileType = sourcecode.swift; path = CompletedViewEmptyPetitionCell.swift; sourceTree = "<group>"; };
		0A72506B264B90B100D82F68 /* HomeViewButtonWidgetCell.swift */ = {isa = PBXFileReference; lastKnownFileType = sourcecode.swift; path = HomeViewButtonWidgetCell.swift; sourceTree = "<group>"; };
		0A95803126535E5C007A950F /* HomeError.swift */ = {isa = PBXFileReference; lastKnownFileType = sourcecode.swift; path = HomeError.swift; sourceTree = "<group>"; };
		0AAA355E2656443400F01715 /* HomeViewEmptyPetitionCell.swift */ = {isa = PBXFileReference; lastKnownFileType = sourcecode.swift; path = HomeViewEmptyPetitionCell.swift; sourceTree = "<group>"; };
		0AD3043F265B973B00E91818 /* PetitionFetchType.swift */ = {isa = PBXFileReference; lastKnownFileType = sourcecode.swift; path = PetitionFetchType.swift; sourceTree = "<group>"; };
		0AD30442265BB48C00E91818 /* AnswerWritePresenter.swift */ = {isa = PBXFileReference; lastKnownFileType = sourcecode.swift; path = AnswerWritePresenter.swift; sourceTree = "<group>"; };
		0AD30443265BB48C00E91818 /* AnswerWriteRouter.swift */ = {isa = PBXFileReference; lastKnownFileType = sourcecode.swift; path = AnswerWriteRouter.swift; sourceTree = "<group>"; };
		0AD30444265BB48C00E91818 /* AnswerWriteModels.swift */ = {isa = PBXFileReference; lastKnownFileType = sourcecode.swift; path = AnswerWriteModels.swift; sourceTree = "<group>"; };
		0AD30445265BB48C00E91818 /* AnswerWriteViewController.swift */ = {isa = PBXFileReference; lastKnownFileType = sourcecode.swift; path = AnswerWriteViewController.swift; sourceTree = "<group>"; };
		0AD30446265BB48C00E91818 /* AnswerWriteInteractor.swift */ = {isa = PBXFileReference; lastKnownFileType = sourcecode.swift; path = AnswerWriteInteractor.swift; sourceTree = "<group>"; };
		0AE229BC2649402300312190 /* HomeViewSearchCell.swift */ = {isa = PBXFileReference; lastKnownFileType = sourcecode.swift; path = HomeViewSearchCell.swift; sourceTree = "<group>"; };
		0AE229BE2649404800312190 /* HomeViewBannerCell.swift */ = {isa = PBXFileReference; lastKnownFileType = sourcecode.swift; path = HomeViewBannerCell.swift; sourceTree = "<group>"; };
		0AE229C12649412B00312190 /* HomeViewDataSource.swift */ = {isa = PBXFileReference; lastKnownFileType = sourcecode.swift; path = HomeViewDataSource.swift; sourceTree = "<group>"; };
		0AE229C32649420600312190 /* HomeViewWidgetCell.swift */ = {isa = PBXFileReference; lastKnownFileType = sourcecode.swift; path = HomeViewWidgetCell.swift; sourceTree = "<group>"; };
		0AE229C52649421C00312190 /* HomeViewPetitionCell.swift */ = {isa = PBXFileReference; lastKnownFileType = sourcecode.swift; path = HomeViewPetitionCell.swift; sourceTree = "<group>"; };
		0AE229C7264945FC00312190 /* HomeViewPetitionHeader.swift */ = {isa = PBXFileReference; lastKnownFileType = sourcecode.swift; path = HomeViewPetitionHeader.swift; sourceTree = "<group>"; };
		0AE5C3D8264B7F3900E753F8 /* Preview.swift */ = {isa = PBXFileReference; lastKnownFileType = sourcecode.swift; path = Preview.swift; sourceTree = "<group>"; };
		6F10C22A2627E0F7003133A6 /* SplashViewController.swift */ = {isa = PBXFileReference; lastKnownFileType = sourcecode.swift; path = SplashViewController.swift; sourceTree = "<group>"; };
		6F10C22E2627E104003133A6 /* SplashPresenter.swift */ = {isa = PBXFileReference; lastKnownFileType = sourcecode.swift; path = SplashPresenter.swift; sourceTree = "<group>"; };
		6F10C2312627E10B003133A6 /* SplashInteractor.swift */ = {isa = PBXFileReference; lastKnownFileType = sourcecode.swift; path = SplashInteractor.swift; sourceTree = "<group>"; };
		6F10C2342627E112003133A6 /* SplashModels.swift */ = {isa = PBXFileReference; lastKnownFileType = sourcecode.swift; path = SplashModels.swift; sourceTree = "<group>"; };
		6F10C2372627E11E003133A6 /* SplashRouter.swift */ = {isa = PBXFileReference; lastKnownFileType = sourcecode.swift; path = SplashRouter.swift; sourceTree = "<group>"; };
		6F10C23B2627E143003133A6 /* UIViewController.swift */ = {isa = PBXFileReference; lastKnownFileType = sourcecode.swift; path = UIViewController.swift; sourceTree = "<group>"; };
		6F32E7DB25FF230F00269198 /* DGSW-Petition_iOS.app */ = {isa = PBXFileReference; explicitFileType = wrapper.application; includeInIndex = 0; path = "DGSW-Petition_iOS.app"; sourceTree = BUILT_PRODUCTS_DIR; };
		6F32E7DE25FF230F00269198 /* AppDelegate.swift */ = {isa = PBXFileReference; lastKnownFileType = sourcecode.swift; path = AppDelegate.swift; sourceTree = "<group>"; };
		6F32E7E025FF230F00269198 /* SceneDelegate.swift */ = {isa = PBXFileReference; lastKnownFileType = sourcecode.swift; path = SceneDelegate.swift; sourceTree = "<group>"; };
		6F32E7E725FF231000269198 /* Assets.xcassets */ = {isa = PBXFileReference; lastKnownFileType = folder.assetcatalog; path = Assets.xcassets; sourceTree = "<group>"; };
		6F32E7EA25FF231000269198 /* Base */ = {isa = PBXFileReference; lastKnownFileType = file.storyboard; name = Base; path = Base.lproj/LaunchScreen.storyboard; sourceTree = "<group>"; };
		6F32E7EC25FF231000269198 /* Info.plist */ = {isa = PBXFileReference; lastKnownFileType = text.plist.xml; path = Info.plist; sourceTree = "<group>"; };
		6F452A45263800C700E28713 /* MainViewController.swift */ = {isa = PBXFileReference; lastKnownFileType = sourcecode.swift; path = MainViewController.swift; sourceTree = "<group>"; };
		6F452A672638D86E00E28713 /* HomePresenter.swift */ = {isa = PBXFileReference; lastKnownFileType = sourcecode.swift; path = HomePresenter.swift; sourceTree = "<group>"; };
		6F452A682638D86E00E28713 /* HomeRouter.swift */ = {isa = PBXFileReference; lastKnownFileType = sourcecode.swift; path = HomeRouter.swift; sourceTree = "<group>"; };
		6F452A692638D86E00E28713 /* HomeModels.swift */ = {isa = PBXFileReference; lastKnownFileType = sourcecode.swift; path = HomeModels.swift; sourceTree = "<group>"; };
		6F452A6A2638D86E00E28713 /* HomeViewController.swift */ = {isa = PBXFileReference; lastKnownFileType = sourcecode.swift; path = HomeViewController.swift; sourceTree = "<group>"; };
		6F452A6B2638D86E00E28713 /* HomeInteractor.swift */ = {isa = PBXFileReference; lastKnownFileType = sourcecode.swift; path = HomeInteractor.swift; sourceTree = "<group>"; };
		6F452A722638D87900E28713 /* OngoingPresenter.swift */ = {isa = PBXFileReference; lastKnownFileType = sourcecode.swift; path = OngoingPresenter.swift; sourceTree = "<group>"; };
		6F452A732638D87900E28713 /* OngoingRouter.swift */ = {isa = PBXFileReference; lastKnownFileType = sourcecode.swift; path = OngoingRouter.swift; sourceTree = "<group>"; };
		6F452A742638D87900E28713 /* OngoingModels.swift */ = {isa = PBXFileReference; lastKnownFileType = sourcecode.swift; path = OngoingModels.swift; sourceTree = "<group>"; };
		6F452A752638D87900E28713 /* OngoingViewController.swift */ = {isa = PBXFileReference; lastKnownFileType = sourcecode.swift; path = OngoingViewController.swift; sourceTree = "<group>"; };
		6F452A762638D87900E28713 /* OngoingInteractor.swift */ = {isa = PBXFileReference; lastKnownFileType = sourcecode.swift; path = OngoingInteractor.swift; sourceTree = "<group>"; };
		6F452A7D2638D88100E28713 /* AwaitingPresenter.swift */ = {isa = PBXFileReference; lastKnownFileType = sourcecode.swift; path = AwaitingPresenter.swift; sourceTree = "<group>"; };
		6F452A7E2638D88100E28713 /* AwaitingRouter.swift */ = {isa = PBXFileReference; lastKnownFileType = sourcecode.swift; path = AwaitingRouter.swift; sourceTree = "<group>"; };
		6F452A7F2638D88100E28713 /* AwaitingModels.swift */ = {isa = PBXFileReference; lastKnownFileType = sourcecode.swift; path = AwaitingModels.swift; sourceTree = "<group>"; };
		6F452A802638D88100E28713 /* AwaitingViewController.swift */ = {isa = PBXFileReference; lastKnownFileType = sourcecode.swift; path = AwaitingViewController.swift; sourceTree = "<group>"; };
		6F452A812638D88100E28713 /* AwaitingInteractor.swift */ = {isa = PBXFileReference; lastKnownFileType = sourcecode.swift; path = AwaitingInteractor.swift; sourceTree = "<group>"; };
		6F452A882638D88800E28713 /* CompletedPresenter.swift */ = {isa = PBXFileReference; lastKnownFileType = sourcecode.swift; path = CompletedPresenter.swift; sourceTree = "<group>"; };
		6F452A892638D88800E28713 /* CompletedRouter.swift */ = {isa = PBXFileReference; lastKnownFileType = sourcecode.swift; path = CompletedRouter.swift; sourceTree = "<group>"; };
		6F452A8A2638D88800E28713 /* CompletedModels.swift */ = {isa = PBXFileReference; lastKnownFileType = sourcecode.swift; path = CompletedModels.swift; sourceTree = "<group>"; };
		6F452A8B2638D88800E28713 /* CompletedViewController.swift */ = {isa = PBXFileReference; lastKnownFileType = sourcecode.swift; path = CompletedViewController.swift; sourceTree = "<group>"; };
		6F452A8C2638D88800E28713 /* CompletedInteractor.swift */ = {isa = PBXFileReference; lastKnownFileType = sourcecode.swift; path = CompletedInteractor.swift; sourceTree = "<group>"; };
		6F452A952638E21E00E28713 /* CardView.swift */ = {isa = PBXFileReference; lastKnownFileType = sourcecode.swift; path = CardView.swift; sourceTree = "<group>"; };
		6F5001F725FF23FA00289990 /* Constants.swift */ = {isa = PBXFileReference; lastKnownFileType = sourcecode.swift; path = Constants.swift; sourceTree = "<group>"; };
		6F582336263113E5004B06F2 /* CheckRegisteredUserResponse.swift */ = {isa = PBXFileReference; lastKnownFileType = sourcecode.swift; path = CheckRegisteredUserResponse.swift; sourceTree = "<group>"; };
		6FB975CD262D1BDC00AF9B8E /* LoginWorker.swift */ = {isa = PBXFileReference; lastKnownFileType = sourcecode.swift; path = LoginWorker.swift; sourceTree = "<group>"; };
		6FB975D0262D1BE400AF9B8E /* RegisterWorker.swift */ = {isa = PBXFileReference; lastKnownFileType = sourcecode.swift; path = RegisterWorker.swift; sourceTree = "<group>"; };
		6FB975D3262D1BEA00AF9B8E /* PetitionWorker.swift */ = {isa = PBXFileReference; lastKnownFileType = sourcecode.swift; path = PetitionWorker.swift; sourceTree = "<group>"; };
		6FB975D6262D1BF300AF9B8E /* AnswerWorker.swift */ = {isa = PBXFileReference; lastKnownFileType = sourcecode.swift; path = AnswerWorker.swift; sourceTree = "<group>"; };
		6FB975D9262D1BFE00AF9B8E /* AgreeWorker.swift */ = {isa = PBXFileReference; lastKnownFileType = sourcecode.swift; path = AgreeWorker.swift; sourceTree = "<group>"; };
		6FB975E4262D203A00AF9B8E /* WelcomePresenter.swift */ = {isa = PBXFileReference; lastKnownFileType = sourcecode.swift; path = WelcomePresenter.swift; sourceTree = "<group>"; };
		6FB975E6262D203A00AF9B8E /* WelcomeRouter.swift */ = {isa = PBXFileReference; lastKnownFileType = sourcecode.swift; path = WelcomeRouter.swift; sourceTree = "<group>"; };
		6FB975E7262D203A00AF9B8E /* WelcomeModels.swift */ = {isa = PBXFileReference; lastKnownFileType = sourcecode.swift; path = WelcomeModels.swift; sourceTree = "<group>"; };
		6FB975E8262D203A00AF9B8E /* WelcomeViewController.swift */ = {isa = PBXFileReference; lastKnownFileType = sourcecode.swift; path = WelcomeViewController.swift; sourceTree = "<group>"; };
		6FB975E9262D203A00AF9B8E /* WelcomeInteractor.swift */ = {isa = PBXFileReference; lastKnownFileType = sourcecode.swift; path = WelcomeInteractor.swift; sourceTree = "<group>"; };
		6FB975FE262D270600AF9B8E /* AuthAPI.swift */ = {isa = PBXFileReference; lastKnownFileType = sourcecode.swift; path = AuthAPI.swift; sourceTree = "<group>"; };
		6FB97601262D276D00AF9B8E /* AuthLocal.swift */ = {isa = PBXFileReference; lastKnownFileType = sourcecode.swift; path = AuthLocal.swift; sourceTree = "<group>"; };
		6FB97605262D27E000AF9B8E /* TokenEntity.swift */ = {isa = PBXFileReference; lastKnownFileType = sourcecode.swift; path = TokenEntity.swift; sourceTree = "<group>"; };
		6FB97609262D281600AF9B8E /* Local.swift */ = {isa = PBXFileReference; lastKnownFileType = sourcecode.swift; path = Local.swift; sourceTree = "<group>"; };
		6FB9760C262D290D00AF9B8E /* CustomError.swift */ = {isa = PBXFileReference; lastKnownFileType = sourcecode.swift; path = CustomError.swift; sourceTree = "<group>"; };
		6FB97610262D2B7200AF9B8E /* Worker.swift */ = {isa = PBXFileReference; lastKnownFileType = sourcecode.swift; path = Worker.swift; sourceTree = "<group>"; };
		6FB9762E262D431700AF9B8E /* LoginRequest.swift */ = {isa = PBXFileReference; lastKnownFileType = sourcecode.swift; path = LoginRequest.swift; sourceTree = "<group>"; };
		6FB97633262D435B00AF9B8E /* LoginResponse.swift */ = {isa = PBXFileReference; lastKnownFileType = sourcecode.swift; path = LoginResponse.swift; sourceTree = "<group>"; };
		6FB97637262D4BA000AF9B8E /* Response.swift */ = {isa = PBXFileReference; lastKnownFileType = sourcecode.swift; path = Response.swift; sourceTree = "<group>"; };
		6FC9B539262807DF009330E1 /* WindowManager.swift */ = {isa = PBXFileReference; lastKnownFileType = sourcecode.swift; path = WindowManager.swift; sourceTree = "<group>"; };
		6FCCD89D262EEF5C00ECC9C2 /* RegisterRequest.swift */ = {isa = PBXFileReference; lastKnownFileType = sourcecode.swift; path = RegisterRequest.swift; sourceTree = "<group>"; };
		6FCCD8A0262EF38000ECC9C2 /* PetitionSimpleInfo.swift */ = {isa = PBXFileReference; lastKnownFileType = sourcecode.swift; path = PetitionSimpleInfo.swift; sourceTree = "<group>"; };
		6FCCD8A3262EF3FE00ECC9C2 /* PetitionDetailInfo.swift */ = {isa = PBXFileReference; lastKnownFileType = sourcecode.swift; path = PetitionDetailInfo.swift; sourceTree = "<group>"; };
		6FD23E2F262FC55B001E444E /* AnswerDetailInfo.swift */ = {isa = PBXFileReference; lastKnownFileType = sourcecode.swift; path = AnswerDetailInfo.swift; sourceTree = "<group>"; };
		6FD23E33262FC70E001E444E /* AgreeDetailInfo.swift */ = {isa = PBXFileReference; lastKnownFileType = sourcecode.swift; path = AgreeDetailInfo.swift; sourceTree = "<group>"; };
		6FE0199726314F5100A3096E /* RegisterPresenter.swift */ = {isa = PBXFileReference; lastKnownFileType = sourcecode.swift; path = RegisterPresenter.swift; sourceTree = "<group>"; };
		6FE0199926314F5100A3096E /* RegisterRouter.swift */ = {isa = PBXFileReference; lastKnownFileType = sourcecode.swift; path = RegisterRouter.swift; sourceTree = "<group>"; };
		6FE0199A26314F5100A3096E /* RegisterModels.swift */ = {isa = PBXFileReference; lastKnownFileType = sourcecode.swift; path = RegisterModels.swift; sourceTree = "<group>"; };
		6FE0199B26314F5100A3096E /* RegisterViewController.swift */ = {isa = PBXFileReference; lastKnownFileType = sourcecode.swift; path = RegisterViewController.swift; sourceTree = "<group>"; };
		6FE0199C26314F5100A3096E /* RegisterInteractor.swift */ = {isa = PBXFileReference; lastKnownFileType = sourcecode.swift; path = RegisterInteractor.swift; sourceTree = "<group>"; };
		6FEE7D77262E787A00B5B671 /* PetitionAPI.swift */ = {isa = PBXFileReference; lastKnownFileType = sourcecode.swift; path = PetitionAPI.swift; sourceTree = "<group>"; };
		6FEE7D7A262E908000B5B671 /* PetitionRequest.swift */ = {isa = PBXFileReference; lastKnownFileType = sourcecode.swift; path = PetitionRequest.swift; sourceTree = "<group>"; };
		6FEE7D7D262E941000B5B671 /* AnswerAPI.swift */ = {isa = PBXFileReference; lastKnownFileType = sourcecode.swift; path = AnswerAPI.swift; sourceTree = "<group>"; };
		6FEE7D80262E953A00B5B671 /* AnswerRequest.swift */ = {isa = PBXFileReference; lastKnownFileType = sourcecode.swift; path = AnswerRequest.swift; sourceTree = "<group>"; };
		6FEE7D83262E961500B5B671 /* TokenAPI.swift */ = {isa = PBXFileReference; lastKnownFileType = sourcecode.swift; path = TokenAPI.swift; sourceTree = "<group>"; };
		6FEE7D86262E973700B5B671 /* AgreeAPI.swift */ = {isa = PBXFileReference; lastKnownFileType = sourcecode.swift; path = AgreeAPI.swift; sourceTree = "<group>"; };
		6FEE7D8A262E97AB00B5B671 /* AgreeRequest.swift */ = {isa = PBXFileReference; lastKnownFileType = sourcecode.swift; path = AgreeRequest.swift; sourceTree = "<group>"; };
		A8B417766184C245E4A42BEC /* Pods_DGSW_Petition_iOS.framework */ = {isa = PBXFileReference; explicitFileType = wrapper.framework; includeInIndex = 0; path = Pods_DGSW_Petition_iOS.framework; sourceTree = BUILT_PRODUCTS_DIR; };
		BCD7333EE55D2684ABB966BC /* Pods-DGSW-Petition_iOS.debug.xcconfig */ = {isa = PBXFileReference; includeInIndex = 1; lastKnownFileType = text.xcconfig; name = "Pods-DGSW-Petition_iOS.debug.xcconfig"; path = "Target Support Files/Pods-DGSW-Petition_iOS/Pods-DGSW-Petition_iOS.debug.xcconfig"; sourceTree = "<group>"; };
		D809AC9F5E9F6304C5EEC9E6 /* Pods-DGSW-Petition_iOS.release.xcconfig */ = {isa = PBXFileReference; includeInIndex = 1; lastKnownFileType = text.xcconfig; name = "Pods-DGSW-Petition_iOS.release.xcconfig"; path = "Target Support Files/Pods-DGSW-Petition_iOS/Pods-DGSW-Petition_iOS.release.xcconfig"; sourceTree = "<group>"; };
/* End PBXFileReference section */

/* Begin PBXFrameworksBuildPhase section */
		6F32E7D825FF230F00269198 /* Frameworks */ = {
			isa = PBXFrameworksBuildPhase;
			buildActionMask = 2147483647;
			files = (
				6FC9B579262811F6009330E1 /* Toast in Frameworks */,
				6F32A874262FF0C50053184A /* Then in Frameworks */,
				6F452A5D263832B100E28713 /* Tabman in Frameworks */,
				EEA16DE988702C78098F017A /* Pods_DGSW_Petition_iOS.framework in Frameworks */,
				6FB975F5262D262400AF9B8E /* Moya in Frameworks */,
				6FB975F9262D269B00AF9B8E /* RealmSwift in Frameworks */,
				6F10C2402627F710003133A6 /* SnapKit in Frameworks */,
			);
			runOnlyForDeploymentPostprocessing = 0;
		};
/* End PBXFrameworksBuildPhase section */

/* Begin PBXGroup section */
		0A4060A62658ED2C0017F25D /* Home */ = {
			isa = PBXGroup;
			children = (
				0AE229BC2649402300312190 /* HomeViewSearchCell.swift */,
				0AE229BE2649404800312190 /* HomeViewBannerCell.swift */,
				0AE229C32649420600312190 /* HomeViewWidgetCell.swift */,
				0A72506B264B90B100D82F68 /* HomeViewButtonWidgetCell.swift */,
				0AAA355E2656443400F01715 /* HomeViewEmptyPetitionCell.swift */,
				0AE229C52649421C00312190 /* HomeViewPetitionCell.swift */,
				0AE229C7264945FC00312190 /* HomeViewPetitionHeader.swift */,
			);
			path = Home;
			sourceTree = "<group>";
		};
		0A4060A72658ED350017F25D /* Ongoing */ = {
			isa = PBXGroup;
			children = (
				0A4060A82658ED540017F25D /* OngoingViewPetitionCell.swift */,
				0A4060AC2658F19F0017F25D /* OngoingViewEmptyPetitionCell.swift */,
			);
			path = Ongoing;
			sourceTree = "<group>";
		};
		0A4812D5265CC31A009044FF /* Search */ = {
			isa = PBXGroup;
			children = (
				0A4812D9265CC33C009044FF /* SearchViewController.swift */,
				0A4812D6265CC33C009044FF /* SearchPresenter.swift */,
				0A4812DA265CC33C009044FF /* SearchInteractor.swift */,
				0A4812D8265CC33C009044FF /* SearchModels.swift */,
				0A4812D7265CC33C009044FF /* SearchRouter.swift */,
				0A4812E5265CC4E2009044FF /* SearchViewDataSource.swift */,
			);
			path = Search;
			sourceTree = "<group>";
		};
		0A4812E0265CC3CA009044FF /* Search */ = {
			isa = PBXGroup;
			children = (
				0A4812E3265CC42D009044FF /* SearchViewPetitionCell.swift */,
				0A4812E7265CC79E009044FF /* SearchViewEmptyPetitionCell.swift */,
			);
			path = Search;
			sourceTree = "<group>";
		};
		0A610ECC265B8740001232A2 /* Awaiting */ = {
			isa = PBXGroup;
			children = (
				0A610ECD265B8754001232A2 /* AwaitingViewPetitionCell.swift */,
				0A610ECF265B878F001232A2 /* AwaitingViewEmptyPetitionCell.swift */,
			);
			path = Awaiting;
			sourceTree = "<group>";
		};
		0A610ED3265B8FD3001232A2 /* Completed */ = {
			isa = PBXGroup;
			children = (
				0A610ED4265B8FE9001232A2 /* CompletedViewPetitionCell.swift */,
				0A610ED6265B8FFB001232A2 /* CompletedViewEmptyPetitionCell.swift */,
			);
			path = Completed;
			sourceTree = "<group>";
		};
		0AD3043E265B973400E91818 /* Enum */ = {
			isa = PBXGroup;
			children = (
				0AD3043F265B973B00E91818 /* PetitionFetchType.swift */,
			);
			path = Enum;
			sourceTree = "<group>";
		};
		0AD30441265BB3FE00E91818 /* AnswerWrite */ = {
			isa = PBXGroup;
			children = (
				0AD30445265BB48C00E91818 /* AnswerWriteViewController.swift */,
				0AD30442265BB48C00E91818 /* AnswerWritePresenter.swift */,
				0AD30446265BB48C00E91818 /* AnswerWriteInteractor.swift */,
				0AD30444265BB48C00E91818 /* AnswerWriteModels.swift */,
				0AD30443265BB48C00E91818 /* AnswerWriteRouter.swift */,
			);
			path = AnswerWrite;
			sourceTree = "<group>";
		};
		0AE229BB2649400E00312190 /* Cell */ = {
			isa = PBXGroup;
			children = (
				0A4812E0265CC3CA009044FF /* Search */,
				0A610ED3265B8FD3001232A2 /* Completed */,
				0A610ECC265B8740001232A2 /* Awaiting */,
				0A4060A72658ED350017F25D /* Ongoing */,
				0A4060A62658ED2C0017F25D /* Home */,
			);
			path = Cell;
			sourceTree = "<group>";
		};
		1162C5C67CC8D2C09675BF4D /* Frameworks */ = {
			isa = PBXGroup;
			children = (
				A8B417766184C245E4A42BEC /* Pods_DGSW_Petition_iOS.framework */,
			);
			name = Frameworks;
			sourceTree = "<group>";
		};
		6F10C2242627E033003133A6 /* Delegate */ = {
			isa = PBXGroup;
			children = (
				6F32E7DE25FF230F00269198 /* AppDelegate.swift */,
				6F32E7E025FF230F00269198 /* SceneDelegate.swift */,
			);
			path = Delegate;
			sourceTree = "<group>";
		};
		6F10C2262627E04D003133A6 /* Scenes */ = {
			isa = PBXGroup;
			children = (
				0A4812D5265CC31A009044FF /* Search */,
				6F452A412638001200E28713 /* Main */,
				0AD30441265BB3FE00E91818 /* AnswerWrite */,
				6FE0199626314F2800A3096E /* Register */,
				6FB975E3262D201600AF9B8E /* Welcome */,
				6F10C2292627E0D6003133A6 /* Splash */,
			);
			path = Scenes;
			sourceTree = "<group>";
		};
		6F10C2292627E0D6003133A6 /* Splash */ = {
			isa = PBXGroup;
			children = (
				6F10C22A2627E0F7003133A6 /* SplashViewController.swift */,
				6F10C22E2627E104003133A6 /* SplashPresenter.swift */,
				6F10C2312627E10B003133A6 /* SplashInteractor.swift */,
				6F10C2342627E112003133A6 /* SplashModels.swift */,
				6F10C2372627E11E003133A6 /* SplashRouter.swift */,
			);
			path = Splash;
			sourceTree = "<group>";
		};
		6F10C23A2627E13B003133A6 /* Bases */ = {
			isa = PBXGroup;
			children = (
				6F10C23B2627E143003133A6 /* UIViewController.swift */,
				6FB97609262D281600AF9B8E /* Local.swift */,
				6FB97610262D2B7200AF9B8E /* Worker.swift */,
			);
			path = Bases;
			sourceTree = "<group>";
		};
		6F32E7D225FF230E00269198 = {
			isa = PBXGroup;
			children = (
				6F32E7DD25FF230F00269198 /* DGSW-Petition_iOS */,
				6F32E7DC25FF230F00269198 /* Products */,
				C2978FA2A2609FAEF6F22243 /* Pods */,
				1162C5C67CC8D2C09675BF4D /* Frameworks */,
			);
			sourceTree = "<group>";
		};
		6F32E7DC25FF230F00269198 /* Products */ = {
			isa = PBXGroup;
			children = (
				6F32E7DB25FF230F00269198 /* DGSW-Petition_iOS.app */,
			);
			name = Products;
			sourceTree = "<group>";
		};
		6F32E7DD25FF230F00269198 /* DGSW-Petition_iOS */ = {
			isa = PBXGroup;
			children = (
				6F3D84F12600255300DCA25A /* Source */,
				6F3D84F22600255800DCA25A /* Resource */,
				0AE5C3D8264B7F3900E753F8 /* Preview.swift */,
			);
			path = "DGSW-Petition_iOS";
			sourceTree = "<group>";
		};
		6F3D84F12600255300DCA25A /* Source */ = {
			isa = PBXGroup;
			children = (
				6F10C2242627E033003133A6 /* Delegate */,
				0AE229BB2649400E00312190 /* Cell */,
				6F10C2262627E04D003133A6 /* Scenes */,
				6FC9B55226280F07009330E1 /* Workers */,
				6FB975DC262D1C5700AF9B8E /* Service */,
				6F5001F625FF23F000289990 /* Etc */,
			);
			path = Source;
			sourceTree = "<group>";
		};
		6F3D84F22600255800DCA25A /* Resource */ = {
			isa = PBXGroup;
			children = (
				6F32E7EC25FF231000269198 /* Info.plist */,
				6F32E7E925FF231000269198 /* LaunchScreen.storyboard */,
				6F32E7E725FF231000269198 /* Assets.xcassets */,
			);
			path = Resource;
			sourceTree = "<group>";
		};
		6F452A412638001200E28713 /* Main */ = {
			isa = PBXGroup;
			children = (
				6F452A45263800C700E28713 /* MainViewController.swift */,
				6F452A622638D7FC00E28713 /* Home */,
				6F452A662638D81500E28713 /* Ongoing */,
				6F452A642638D80A00E28713 /* Awaiting */,
				6F452A652638D81000E28713 /* Completed */,
			);
			path = Main;
			sourceTree = "<group>";
		};
		6F452A4E2638031100E28713 /* CustomUI */ = {
			isa = PBXGroup;
			children = (
				6F452A952638E21E00E28713 /* CardView.swift */,
			);
			path = CustomUI;
			sourceTree = "<group>";
		};
		6F452A622638D7FC00E28713 /* Home */ = {
			isa = PBXGroup;
			children = (
				6F452A6A2638D86E00E28713 /* HomeViewController.swift */,
				6F452A672638D86E00E28713 /* HomePresenter.swift */,
				6F452A6B2638D86E00E28713 /* HomeInteractor.swift */,
				6F452A692638D86E00E28713 /* HomeModels.swift */,
				6F452A682638D86E00E28713 /* HomeRouter.swift */,
				0AE229C12649412B00312190 /* HomeViewDataSource.swift */,
				0A95803126535E5C007A950F /* HomeError.swift */,
			);
			path = Home;
			sourceTree = "<group>";
		};
		6F452A642638D80A00E28713 /* Awaiting */ = {
			isa = PBXGroup;
			children = (
				6F452A802638D88100E28713 /* AwaitingViewController.swift */,
				6F452A7D2638D88100E28713 /* AwaitingPresenter.swift */,
				6F452A812638D88100E28713 /* AwaitingInteractor.swift */,
				6F452A7F2638D88100E28713 /* AwaitingModels.swift */,
				6F452A7E2638D88100E28713 /* AwaitingRouter.swift */,
				0A610ECA265B8717001232A2 /* AwaitingViewDataSource.swift */,
			);
			path = Awaiting;
			sourceTree = "<group>";
		};
		6F452A652638D81000E28713 /* Completed */ = {
			isa = PBXGroup;
			children = (
				6F452A8B2638D88800E28713 /* CompletedViewController.swift */,
				6F452A882638D88800E28713 /* CompletedPresenter.swift */,
				6F452A8C2638D88800E28713 /* CompletedInteractor.swift */,
				6F452A8A2638D88800E28713 /* CompletedModels.swift */,
				6F452A892638D88800E28713 /* CompletedRouter.swift */,
				0A610ED1265B8B18001232A2 /* CompletedViewDataSource.swift */,
			);
			path = Completed;
			sourceTree = "<group>";
		};
		6F452A662638D81500E28713 /* Ongoing */ = {
			isa = PBXGroup;
			children = (
				6F452A752638D87900E28713 /* OngoingViewController.swift */,
				6F452A722638D87900E28713 /* OngoingPresenter.swift */,
				6F452A762638D87900E28713 /* OngoingInteractor.swift */,
				6F452A742638D87900E28713 /* OngoingModels.swift */,
				6F452A732638D87900E28713 /* OngoingRouter.swift */,
				0A4060AA2658EFB20017F25D /* OngoingViewDataSource.swift */,
			);
			path = Ongoing;
			sourceTree = "<group>";
		};
		6F5001F625FF23F000289990 /* Etc */ = {
			isa = PBXGroup;
			children = (
				0AD3043E265B973400E91818 /* Enum */,
				6F452A4E2638031100E28713 /* CustomUI */,
				6F10C23A2627E13B003133A6 /* Bases */,
				6F5001F725FF23FA00289990 /* Constants.swift */,
				6FC9B539262807DF009330E1 /* WindowManager.swift */,
				6FB9760C262D290D00AF9B8E /* CustomError.swift */,
			);
			path = Etc;
			sourceTree = "<group>";
		};
		6FB975DC262D1C5700AF9B8E /* Service */ = {
			isa = PBXGroup;
			children = (
				6FB975E1262D1C7100AF9B8E /* APIs */,
				6FB975E2262D1C7400AF9B8E /* Locals */,
			);
			path = Service;
			sourceTree = "<group>";
		};
		6FB975E1262D1C7100AF9B8E /* APIs */ = {
			isa = PBXGroup;
			children = (
				6FEE7D86262E973700B5B671 /* AgreeAPI.swift */,
				6FB975FE262D270600AF9B8E /* AuthAPI.swift */,
				6FEE7D77262E787A00B5B671 /* PetitionAPI.swift */,
				6FEE7D7D262E941000B5B671 /* AnswerAPI.swift */,
				6FEE7D83262E961500B5B671 /* TokenAPI.swift */,
				6FB97632262D434300AF9B8E /* Response */,
				6FB9762D262D430D00AF9B8E /* Request */,
			);
			path = APIs;
			sourceTree = "<group>";
		};
		6FB975E2262D1C7400AF9B8E /* Locals */ = {
			isa = PBXGroup;
			children = (
				6FB97604262D27D100AF9B8E /* Entities */,
				6FB97601262D276D00AF9B8E /* AuthLocal.swift */,
			);
			path = Locals;
			sourceTree = "<group>";
		};
		6FB975E3262D201600AF9B8E /* Welcome */ = {
			isa = PBXGroup;
			children = (
				6FB975E8262D203A00AF9B8E /* WelcomeViewController.swift */,
				6FB975E4262D203A00AF9B8E /* WelcomePresenter.swift */,
				6FB975E9262D203A00AF9B8E /* WelcomeInteractor.swift */,
				6FB975E7262D203A00AF9B8E /* WelcomeModels.swift */,
				6FB975E6262D203A00AF9B8E /* WelcomeRouter.swift */,
			);
			path = Welcome;
			sourceTree = "<group>";
		};
		6FB97604262D27D100AF9B8E /* Entities */ = {
			isa = PBXGroup;
			children = (
				6FB97605262D27E000AF9B8E /* TokenEntity.swift */,
			);
			path = Entities;
			sourceTree = "<group>";
		};
		6FB9762D262D430D00AF9B8E /* Request */ = {
			isa = PBXGroup;
			children = (
				6FB9762E262D431700AF9B8E /* LoginRequest.swift */,
				6FEE7D7A262E908000B5B671 /* PetitionRequest.swift */,
				6FEE7D80262E953A00B5B671 /* AnswerRequest.swift */,
				6FEE7D8A262E97AB00B5B671 /* AgreeRequest.swift */,
				6FCCD89D262EEF5C00ECC9C2 /* RegisterRequest.swift */,
			);
			path = Request;
			sourceTree = "<group>";
		};
		6FB97632262D434300AF9B8E /* Response */ = {
			isa = PBXGroup;
			children = (
				6FD23E33262FC70E001E444E /* AgreeDetailInfo.swift */,
				6FD23E2F262FC55B001E444E /* AnswerDetailInfo.swift */,
				6FCCD8A3262EF3FE00ECC9C2 /* PetitionDetailInfo.swift */,
				6FCCD8A0262EF38000ECC9C2 /* PetitionSimpleInfo.swift */,
				0A5385602652304C00BEB604 /* PetitionSituationInfo.swift */,
				6FB97633262D435B00AF9B8E /* LoginResponse.swift */,
				6FB97637262D4BA000AF9B8E /* Response.swift */,
				6F582336263113E5004B06F2 /* CheckRegisteredUserResponse.swift */,
			);
			path = Response;
			sourceTree = "<group>";
		};
		6FC9B55226280F07009330E1 /* Workers */ = {
			isa = PBXGroup;
			children = (
				6FB975CD262D1BDC00AF9B8E /* LoginWorker.swift */,
				6FB975D0262D1BE400AF9B8E /* RegisterWorker.swift */,
				6FB975D3262D1BEA00AF9B8E /* PetitionWorker.swift */,
				6FB975D6262D1BF300AF9B8E /* AnswerWorker.swift */,
				6FB975D9262D1BFE00AF9B8E /* AgreeWorker.swift */,
			);
			path = Workers;
			sourceTree = "<group>";
		};
		6FE0199626314F2800A3096E /* Register */ = {
			isa = PBXGroup;
			children = (
				6FE0199B26314F5100A3096E /* RegisterViewController.swift */,
				6FE0199726314F5100A3096E /* RegisterPresenter.swift */,
				6FE0199C26314F5100A3096E /* RegisterInteractor.swift */,
				6FE0199A26314F5100A3096E /* RegisterModels.swift */,
				6FE0199926314F5100A3096E /* RegisterRouter.swift */,
			);
			path = Register;
			sourceTree = "<group>";
		};
		C2978FA2A2609FAEF6F22243 /* Pods */ = {
			isa = PBXGroup;
			children = (
				BCD7333EE55D2684ABB966BC /* Pods-DGSW-Petition_iOS.debug.xcconfig */,
				D809AC9F5E9F6304C5EEC9E6 /* Pods-DGSW-Petition_iOS.release.xcconfig */,
			);
			path = Pods;
			sourceTree = "<group>";
		};
/* End PBXGroup section */

/* Begin PBXNativeTarget section */
		6F32E7DA25FF230F00269198 /* DGSW-Petition_iOS */ = {
			isa = PBXNativeTarget;
			buildConfigurationList = 6F32E7EF25FF231000269198 /* Build configuration list for PBXNativeTarget "DGSW-Petition_iOS" */;
			buildPhases = (
				0160812D13B86B568F9278B7 /* [CP] Check Pods Manifest.lock */,
				6F32E7D725FF230F00269198 /* Sources */,
				6F32E7D825FF230F00269198 /* Frameworks */,
				6F32E7D925FF230F00269198 /* Resources */,
				B8ADFB3AE055D685247F5E73 /* [CP] Embed Pods Frameworks */,
				822400C42C02B3D8CFF31639 /* [CP] Copy Pods Resources */,
			);
			buildRules = (
			);
			dependencies = (
			);
			name = "DGSW-Petition_iOS";
			packageProductDependencies = (
				6F10C23F2627F710003133A6 /* SnapKit */,
				6FC9B578262811F6009330E1 /* Toast */,
				6FB975F4262D262400AF9B8E /* Moya */,
				6FB975F8262D269B00AF9B8E /* RealmSwift */,
				6F32A873262FF0C50053184A /* Then */,
				6F452A5C263832B100E28713 /* Tabman */,
			);
			productName = "DGSW-Petition_iOS";
			productReference = 6F32E7DB25FF230F00269198 /* DGSW-Petition_iOS.app */;
			productType = "com.apple.product-type.application";
		};
/* End PBXNativeTarget section */

/* Begin PBXProject section */
		6F32E7D325FF230E00269198 /* Project object */ = {
			isa = PBXProject;
			attributes = {
				LastSwiftUpdateCheck = 1240;
				LastUpgradeCheck = 1240;
				TargetAttributes = {
					6F32E7DA25FF230F00269198 = {
						CreatedOnToolsVersion = 12.4;
					};
				};
			};
			buildConfigurationList = 6F32E7D625FF230E00269198 /* Build configuration list for PBXProject "DGSW-Petition_iOS" */;
			compatibilityVersion = "Xcode 9.3";
			developmentRegion = en;
			hasScannedForEncodings = 0;
			knownRegions = (
				en,
				Base,
			);
			mainGroup = 6F32E7D225FF230E00269198;
			packageReferences = (
				6F10C23E2627F710003133A6 /* XCRemoteSwiftPackageReference "SnapKit" */,
				6FC9B577262811F6009330E1 /* XCRemoteSwiftPackageReference "Toast-Swift" */,
				6FB975F3262D262400AF9B8E /* XCRemoteSwiftPackageReference "Moya" */,
				6FB975F7262D269B00AF9B8E /* XCRemoteSwiftPackageReference "realm-cocoa" */,
				6F32A872262FF0C50053184A /* XCRemoteSwiftPackageReference "Then" */,
				6F452A5B263832B100E28713 /* XCRemoteSwiftPackageReference "Tabman" */,
			);
			productRefGroup = 6F32E7DC25FF230F00269198 /* Products */;
			projectDirPath = "";
			projectRoot = "";
			targets = (
				6F32E7DA25FF230F00269198 /* DGSW-Petition_iOS */,
			);
		};
/* End PBXProject section */

/* Begin PBXResourcesBuildPhase section */
		6F32E7D925FF230F00269198 /* Resources */ = {
			isa = PBXResourcesBuildPhase;
			buildActionMask = 2147483647;
			files = (
				6F32E7EB25FF231000269198 /* LaunchScreen.storyboard in Resources */,
				6F32E7E825FF231000269198 /* Assets.xcassets in Resources */,
			);
			runOnlyForDeploymentPostprocessing = 0;
		};
/* End PBXResourcesBuildPhase section */

/* Begin PBXShellScriptBuildPhase section */
		0160812D13B86B568F9278B7 /* [CP] Check Pods Manifest.lock */ = {
			isa = PBXShellScriptBuildPhase;
			buildActionMask = 2147483647;
			files = (
			);
			inputFileListPaths = (
			);
			inputPaths = (
				"${PODS_PODFILE_DIR_PATH}/Podfile.lock",
				"${PODS_ROOT}/Manifest.lock",
			);
			name = "[CP] Check Pods Manifest.lock";
			outputFileListPaths = (
			);
			outputPaths = (
				"$(DERIVED_FILE_DIR)/Pods-DGSW-Petition_iOS-checkManifestLockResult.txt",
			);
			runOnlyForDeploymentPostprocessing = 0;
			shellPath = /bin/sh;
			shellScript = "diff \"${PODS_PODFILE_DIR_PATH}/Podfile.lock\" \"${PODS_ROOT}/Manifest.lock\" > /dev/null\nif [ $? != 0 ] ; then\n    # print error to STDERR\n    echo \"error: The sandbox is not in sync with the Podfile.lock. Run 'pod install' or update your CocoaPods installation.\" >&2\n    exit 1\nfi\n# This output is used by Xcode 'outputs' to avoid re-running this script phase.\necho \"SUCCESS\" > \"${SCRIPT_OUTPUT_FILE_0}\"\n";
			showEnvVarsInLog = 0;
		};
		822400C42C02B3D8CFF31639 /* [CP] Copy Pods Resources */ = {
			isa = PBXShellScriptBuildPhase;
			buildActionMask = 2147483647;
			files = (
			);
			inputFileListPaths = (
				"${PODS_ROOT}/Target Support Files/Pods-DGSW-Petition_iOS/Pods-DGSW-Petition_iOS-resources-${CONFIGURATION}-input-files.xcfilelist",
			);
			name = "[CP] Copy Pods Resources";
			outputFileListPaths = (
				"${PODS_ROOT}/Target Support Files/Pods-DGSW-Petition_iOS/Pods-DGSW-Petition_iOS-resources-${CONFIGURATION}-output-files.xcfilelist",
			);
			runOnlyForDeploymentPostprocessing = 0;
			shellPath = /bin/sh;
			shellScript = "\"${PODS_ROOT}/Target Support Files/Pods-DGSW-Petition_iOS/Pods-DGSW-Petition_iOS-resources.sh\"\n";
			showEnvVarsInLog = 0;
		};
		B8ADFB3AE055D685247F5E73 /* [CP] Embed Pods Frameworks */ = {
			isa = PBXShellScriptBuildPhase;
			buildActionMask = 2147483647;
			files = (
			);
			inputFileListPaths = (
				"${PODS_ROOT}/Target Support Files/Pods-DGSW-Petition_iOS/Pods-DGSW-Petition_iOS-frameworks-${CONFIGURATION}-input-files.xcfilelist",
			);
			name = "[CP] Embed Pods Frameworks";
			outputFileListPaths = (
				"${PODS_ROOT}/Target Support Files/Pods-DGSW-Petition_iOS/Pods-DGSW-Petition_iOS-frameworks-${CONFIGURATION}-output-files.xcfilelist",
			);
			runOnlyForDeploymentPostprocessing = 0;
			shellPath = /bin/sh;
			shellScript = "\"${PODS_ROOT}/Target Support Files/Pods-DGSW-Petition_iOS/Pods-DGSW-Petition_iOS-frameworks.sh\"\n";
			showEnvVarsInLog = 0;
		};
/* End PBXShellScriptBuildPhase section */

/* Begin PBXSourcesBuildPhase section */
		6F32E7D725FF230F00269198 /* Sources */ = {
			isa = PBXSourcesBuildPhase;
			buildActionMask = 2147483647;
			files = (
				6FCCD89E262EEF5C00ECC9C2 /* RegisterRequest.swift in Sources */,
				6FB9762F262D431700AF9B8E /* LoginRequest.swift in Sources */,
				6F452A6F2638D86E00E28713 /* HomeViewController.swift in Sources */,
				6FE019A126314F5100A3096E /* RegisterViewController.swift in Sources */,
				6FEE7D7B262E908000B5B671 /* PetitionRequest.swift in Sources */,
				6FB975EA262D203A00AF9B8E /* WelcomePresenter.swift in Sources */,
				6FB97611262D2B7200AF9B8E /* Worker.swift in Sources */,
				0A610ED7265B8FFB001232A2 /* CompletedViewEmptyPetitionCell.swift in Sources */,
				0A4812DE265CC33C009044FF /* SearchViewController.swift in Sources */,
				0A4060A92658ED540017F25D /* OngoingViewPetitionCell.swift in Sources */,
				0AE229C62649421C00312190 /* HomeViewPetitionCell.swift in Sources */,
				6FD23E34262FC70E001E444E /* AgreeDetailInfo.swift in Sources */,
				0AD30447265BB48C00E91818 /* AnswerWritePresenter.swift in Sources */,
				6FB975CE262D1BDC00AF9B8E /* LoginWorker.swift in Sources */,
				6F452A772638D87900E28713 /* OngoingPresenter.swift in Sources */,
				6FB975EF262D203A00AF9B8E /* WelcomeInteractor.swift in Sources */,
				6F10C23C2627E143003133A6 /* UIViewController.swift in Sources */,
				6FCCD8A4262EF3FE00ECC9C2 /* PetitionDetailInfo.swift in Sources */,
				6FB97634262D435B00AF9B8E /* LoginResponse.swift in Sources */,
				6F452A7A2638D87900E28713 /* OngoingViewController.swift in Sources */,
				6F10C2352627E112003133A6 /* SplashModels.swift in Sources */,
				6FEE7D78262E787A00B5B671 /* PetitionAPI.swift in Sources */,
				6F452A792638D87900E28713 /* OngoingModels.swift in Sources */,
				6FEE7D8B262E97AB00B5B671 /* AgreeRequest.swift in Sources */,
				0A610ECB265B8717001232A2 /* AwaitingViewDataSource.swift in Sources */,
				0A95803226535E5C007A950F /* HomeError.swift in Sources */,
				6FEE7D84262E961500B5B671 /* TokenAPI.swift in Sources */,
				6FB97602262D276D00AF9B8E /* AuthLocal.swift in Sources */,
				6F452A4A263800C700E28713 /* MainViewController.swift in Sources */,
				6F10C2322627E10B003133A6 /* SplashInteractor.swift in Sources */,
				6F582337263113E5004B06F2 /* CheckRegisteredUserResponse.swift in Sources */,
				0AD30448265BB48C00E91818 /* AnswerWriteRouter.swift in Sources */,
				6F32E7DF25FF230F00269198 /* AppDelegate.swift in Sources */,
				6FE019A226314F5100A3096E /* RegisterInteractor.swift in Sources */,
				0A610ED5265B8FE9001232A2 /* CompletedViewPetitionCell.swift in Sources */,
				0AD30440265B973B00E91818 /* PetitionFetchType.swift in Sources */,
				6F32E7E125FF230F00269198 /* SceneDelegate.swift in Sources */,
				6FB9760A262D281600AF9B8E /* Local.swift in Sources */,
				6F452A822638D88100E28713 /* AwaitingPresenter.swift in Sources */,
				0A4812DC265CC33C009044FF /* SearchRouter.swift in Sources */,
				6F452A782638D87900E28713 /* OngoingRouter.swift in Sources */,
				6FB975EE262D203A00AF9B8E /* WelcomeViewController.swift in Sources */,
				6FB975D1262D1BE400AF9B8E /* RegisterWorker.swift in Sources */,
				6FE019A026314F5100A3096E /* RegisterModels.swift in Sources */,
        0AD30449265BB48C00E91818 /* AnswerWriteModels.swift in Sources */,
        0A4812E6265CC4E2009044FF /* SearchViewDataSource.swift in Sources */,
				0A4060AD2658F19F0017F25D /* OngoingViewEmptyPetitionCell.swift in Sources */,
				6FB975D7262D1BF300AF9B8E /* AnswerWorker.swift in Sources */,
				0A4812E8265CC79E009044FF /* SearchViewEmptyPetitionCell.swift in Sources */,
				0A610ECE265B8754001232A2 /* AwaitingViewPetitionCell.swift in Sources */,
				6F452A8F2638D88800E28713 /* CompletedModels.swift in Sources */,
				6F452A8D2638D88800E28713 /* CompletedPresenter.swift in Sources */,
				0A4812E4265CC42D009044FF /* SearchViewPetitionCell.swift in Sources */,
				0A4060AB2658EFB20017F25D /* OngoingViewDataSource.swift in Sources */,
				6FB975D4262D1BEA00AF9B8E /* PetitionWorker.swift in Sources */,
				6F452A832638D88100E28713 /* AwaitingRouter.swift in Sources */,
				0A4812DB265CC33C009044FF /* SearchPresenter.swift in Sources */,
				6F452A912638D88800E28713 /* CompletedInteractor.swift in Sources */,
				0AD3044A265BB48C00E91818 /* AnswerWriteViewController.swift in Sources */,
				6FEE7D87262E973700B5B671 /* AgreeAPI.swift in Sources */,
				0AD3044B265BB48C00E91818 /* AnswerWriteInteractor.swift in Sources */,
				6F5001F825FF23FA00289990 /* Constants.swift in Sources */,
				0AE229C22649412B00312190 /* HomeViewDataSource.swift in Sources */,
				6FEE7D7E262E941000B5B671 /* AnswerAPI.swift in Sources */,
				6FB975FF262D270600AF9B8E /* AuthAPI.swift in Sources */,
				6FB97638262D4BA000AF9B8E /* Response.swift in Sources */,
				0AE5C3D9264B7F3900E753F8 /* Preview.swift in Sources */,
				0A4812DF265CC33C009044FF /* SearchInteractor.swift in Sources */,
				6FB97606262D27E000AF9B8E /* TokenEntity.swift in Sources */,
				0AE229C42649420600312190 /* HomeViewWidgetCell.swift in Sources */,
				0A610ED2265B8B18001232A2 /* CompletedViewDataSource.swift in Sources */,
				6F452A962638E21E00E28713 /* CardView.swift in Sources */,
				6F452A702638D86E00E28713 /* HomeInteractor.swift in Sources */,
				6F10C22B2627E0F7003133A6 /* SplashViewController.swift in Sources */,
				6FD23E30262FC55B001E444E /* AnswerDetailInfo.swift in Sources */,
				0A4812DD265CC33C009044FF /* SearchModels.swift in Sources */,
				6FE0199F26314F5100A3096E /* RegisterRouter.swift in Sources */,
				6FB975ED262D203A00AF9B8E /* WelcomeModels.swift in Sources */,
				6F452A862638D88100E28713 /* AwaitingInteractor.swift in Sources */,
				0AAA355F2656443400F01715 /* HomeViewEmptyPetitionCell.swift in Sources */,
				6F10C2382627E11E003133A6 /* SplashRouter.swift in Sources */,
				6F452A842638D88100E28713 /* AwaitingModels.swift in Sources */,
				6FB975EC262D203A00AF9B8E /* WelcomeRouter.swift in Sources */,
				6F452A7B2638D87900E28713 /* OngoingInteractor.swift in Sources */,
				6F452A852638D88100E28713 /* AwaitingViewController.swift in Sources */,
				6F452A902638D88800E28713 /* CompletedViewController.swift in Sources */,
				6FB975DA262D1BFE00AF9B8E /* AgreeWorker.swift in Sources */,
				6F10C22F2627E104003133A6 /* SplashPresenter.swift in Sources */,
				0AE229C8264945FC00312190 /* HomeViewPetitionHeader.swift in Sources */,
				0AE229BF2649404800312190 /* HomeViewBannerCell.swift in Sources */,
				6F452A6E2638D86E00E28713 /* HomeModels.swift in Sources */,
				6FE0199D26314F5100A3096E /* RegisterPresenter.swift in Sources */,
				6FCCD8A1262EF38000ECC9C2 /* PetitionSimpleInfo.swift in Sources */,
				0A610ED0265B878F001232A2 /* AwaitingViewEmptyPetitionCell.swift in Sources */,
				6FEE7D81262E953A00B5B671 /* AnswerRequest.swift in Sources */,
				6F452A6C2638D86E00E28713 /* HomePresenter.swift in Sources */,
				6F452A8E2638D88800E28713 /* CompletedRouter.swift in Sources */,
				0A72506C264B90B100D82F68 /* HomeViewButtonWidgetCell.swift in Sources */,
				6FB9760D262D290D00AF9B8E /* CustomError.swift in Sources */,
				0AE229BD2649402300312190 /* HomeViewSearchCell.swift in Sources */,
				6FC9B53A262807DF009330E1 /* WindowManager.swift in Sources */,
				6F452A6D2638D86E00E28713 /* HomeRouter.swift in Sources */,
				0A5385612652304C00BEB604 /* PetitionSituationInfo.swift in Sources */,
			);
			runOnlyForDeploymentPostprocessing = 0;
		};
/* End PBXSourcesBuildPhase section */

/* Begin PBXVariantGroup section */
		6F32E7E925FF231000269198 /* LaunchScreen.storyboard */ = {
			isa = PBXVariantGroup;
			children = (
				6F32E7EA25FF231000269198 /* Base */,
			);
			name = LaunchScreen.storyboard;
			sourceTree = "<group>";
		};
/* End PBXVariantGroup section */

/* Begin XCBuildConfiguration section */
		6F32E7ED25FF231000269198 /* Debug */ = {
			isa = XCBuildConfiguration;
			buildSettings = {
				ALWAYS_SEARCH_USER_PATHS = NO;
				CLANG_ANALYZER_NONNULL = YES;
				CLANG_ANALYZER_NUMBER_OBJECT_CONVERSION = YES_AGGRESSIVE;
				CLANG_CXX_LANGUAGE_STANDARD = "gnu++14";
				CLANG_CXX_LIBRARY = "libc++";
				CLANG_ENABLE_MODULES = YES;
				CLANG_ENABLE_OBJC_ARC = YES;
				CLANG_ENABLE_OBJC_WEAK = YES;
				CLANG_WARN_BLOCK_CAPTURE_AUTORELEASING = YES;
				CLANG_WARN_BOOL_CONVERSION = YES;
				CLANG_WARN_COMMA = YES;
				CLANG_WARN_CONSTANT_CONVERSION = YES;
				CLANG_WARN_DEPRECATED_OBJC_IMPLEMENTATIONS = YES;
				CLANG_WARN_DIRECT_OBJC_ISA_USAGE = YES_ERROR;
				CLANG_WARN_DOCUMENTATION_COMMENTS = YES;
				CLANG_WARN_EMPTY_BODY = YES;
				CLANG_WARN_ENUM_CONVERSION = YES;
				CLANG_WARN_INFINITE_RECURSION = YES;
				CLANG_WARN_INT_CONVERSION = YES;
				CLANG_WARN_NON_LITERAL_NULL_CONVERSION = YES;
				CLANG_WARN_OBJC_IMPLICIT_RETAIN_SELF = YES;
				CLANG_WARN_OBJC_LITERAL_CONVERSION = YES;
				CLANG_WARN_OBJC_ROOT_CLASS = YES_ERROR;
				CLANG_WARN_QUOTED_INCLUDE_IN_FRAMEWORK_HEADER = YES;
				CLANG_WARN_RANGE_LOOP_ANALYSIS = YES;
				CLANG_WARN_STRICT_PROTOTYPES = YES;
				CLANG_WARN_SUSPICIOUS_MOVE = YES;
				CLANG_WARN_UNGUARDED_AVAILABILITY = YES_AGGRESSIVE;
				CLANG_WARN_UNREACHABLE_CODE = YES;
				CLANG_WARN__DUPLICATE_METHOD_MATCH = YES;
				COPY_PHASE_STRIP = NO;
				DEBUG_INFORMATION_FORMAT = dwarf;
				ENABLE_STRICT_OBJC_MSGSEND = YES;
				ENABLE_TESTABILITY = YES;
				GCC_C_LANGUAGE_STANDARD = gnu11;
				GCC_DYNAMIC_NO_PIC = NO;
				GCC_NO_COMMON_BLOCKS = YES;
				GCC_OPTIMIZATION_LEVEL = 0;
				GCC_PREPROCESSOR_DEFINITIONS = (
					"DEBUG=1",
					"$(inherited)",
				);
				GCC_WARN_64_TO_32_BIT_CONVERSION = YES;
				GCC_WARN_ABOUT_RETURN_TYPE = YES_ERROR;
				GCC_WARN_UNDECLARED_SELECTOR = YES;
				GCC_WARN_UNINITIALIZED_AUTOS = YES_AGGRESSIVE;
				GCC_WARN_UNUSED_FUNCTION = YES;
				GCC_WARN_UNUSED_VARIABLE = YES;
				IPHONEOS_DEPLOYMENT_TARGET = 14.4;
				MTL_ENABLE_DEBUG_INFO = INCLUDE_SOURCE;
				MTL_FAST_MATH = YES;
				ONLY_ACTIVE_ARCH = YES;
				SDKROOT = iphoneos;
				SWIFT_ACTIVE_COMPILATION_CONDITIONS = DEBUG;
				SWIFT_OPTIMIZATION_LEVEL = "-Onone";
			};
			name = Debug;
		};
		6F32E7EE25FF231000269198 /* Release */ = {
			isa = XCBuildConfiguration;
			buildSettings = {
				ALWAYS_SEARCH_USER_PATHS = NO;
				CLANG_ANALYZER_NONNULL = YES;
				CLANG_ANALYZER_NUMBER_OBJECT_CONVERSION = YES_AGGRESSIVE;
				CLANG_CXX_LANGUAGE_STANDARD = "gnu++14";
				CLANG_CXX_LIBRARY = "libc++";
				CLANG_ENABLE_MODULES = YES;
				CLANG_ENABLE_OBJC_ARC = YES;
				CLANG_ENABLE_OBJC_WEAK = YES;
				CLANG_WARN_BLOCK_CAPTURE_AUTORELEASING = YES;
				CLANG_WARN_BOOL_CONVERSION = YES;
				CLANG_WARN_COMMA = YES;
				CLANG_WARN_CONSTANT_CONVERSION = YES;
				CLANG_WARN_DEPRECATED_OBJC_IMPLEMENTATIONS = YES;
				CLANG_WARN_DIRECT_OBJC_ISA_USAGE = YES_ERROR;
				CLANG_WARN_DOCUMENTATION_COMMENTS = YES;
				CLANG_WARN_EMPTY_BODY = YES;
				CLANG_WARN_ENUM_CONVERSION = YES;
				CLANG_WARN_INFINITE_RECURSION = YES;
				CLANG_WARN_INT_CONVERSION = YES;
				CLANG_WARN_NON_LITERAL_NULL_CONVERSION = YES;
				CLANG_WARN_OBJC_IMPLICIT_RETAIN_SELF = YES;
				CLANG_WARN_OBJC_LITERAL_CONVERSION = YES;
				CLANG_WARN_OBJC_ROOT_CLASS = YES_ERROR;
				CLANG_WARN_QUOTED_INCLUDE_IN_FRAMEWORK_HEADER = YES;
				CLANG_WARN_RANGE_LOOP_ANALYSIS = YES;
				CLANG_WARN_STRICT_PROTOTYPES = YES;
				CLANG_WARN_SUSPICIOUS_MOVE = YES;
				CLANG_WARN_UNGUARDED_AVAILABILITY = YES_AGGRESSIVE;
				CLANG_WARN_UNREACHABLE_CODE = YES;
				CLANG_WARN__DUPLICATE_METHOD_MATCH = YES;
				COPY_PHASE_STRIP = NO;
				DEBUG_INFORMATION_FORMAT = "dwarf-with-dsym";
				ENABLE_NS_ASSERTIONS = NO;
				ENABLE_STRICT_OBJC_MSGSEND = YES;
				GCC_C_LANGUAGE_STANDARD = gnu11;
				GCC_NO_COMMON_BLOCKS = YES;
				GCC_WARN_64_TO_32_BIT_CONVERSION = YES;
				GCC_WARN_ABOUT_RETURN_TYPE = YES_ERROR;
				GCC_WARN_UNDECLARED_SELECTOR = YES;
				GCC_WARN_UNINITIALIZED_AUTOS = YES_AGGRESSIVE;
				GCC_WARN_UNUSED_FUNCTION = YES;
				GCC_WARN_UNUSED_VARIABLE = YES;
				IPHONEOS_DEPLOYMENT_TARGET = 14.4;
				MTL_ENABLE_DEBUG_INFO = NO;
				MTL_FAST_MATH = YES;
				SDKROOT = iphoneos;
				SWIFT_COMPILATION_MODE = wholemodule;
				SWIFT_OPTIMIZATION_LEVEL = "-O";
				VALIDATE_PRODUCT = YES;
			};
			name = Release;
		};
		6F32E7F025FF231000269198 /* Debug */ = {
			isa = XCBuildConfiguration;
			baseConfigurationReference = BCD7333EE55D2684ABB966BC /* Pods-DGSW-Petition_iOS.debug.xcconfig */;
			buildSettings = {
				ASSETCATALOG_COMPILER_APPICON_NAME = AppIcon;
				ASSETCATALOG_COMPILER_GLOBAL_ACCENT_COLOR_NAME = AccentColor;
				CODE_SIGN_STYLE = Automatic;
				DEVELOPMENT_TEAM = ABB676CR63;
				INFOPLIST_FILE = "DGSW-Petition_iOS/Resource/Info.plist";
				LD_RUNPATH_SEARCH_PATHS = (
					"$(inherited)",
					"@executable_path/Frameworks",
				);
				PRODUCT_BUNDLE_IDENTIFIER = "io.github.monsteel.petition.DGSW-Petition-iOS";
				PRODUCT_NAME = "$(TARGET_NAME)";
				SWIFT_VERSION = 5.0;
				TARGETED_DEVICE_FAMILY = "1,2";
			};
			name = Debug;
		};
		6F32E7F125FF231000269198 /* Release */ = {
			isa = XCBuildConfiguration;
			baseConfigurationReference = D809AC9F5E9F6304C5EEC9E6 /* Pods-DGSW-Petition_iOS.release.xcconfig */;
			buildSettings = {
				ASSETCATALOG_COMPILER_APPICON_NAME = AppIcon;
				ASSETCATALOG_COMPILER_GLOBAL_ACCENT_COLOR_NAME = AccentColor;
				CODE_SIGN_STYLE = Automatic;
				DEVELOPMENT_TEAM = ABB676CR63;
				INFOPLIST_FILE = "DGSW-Petition_iOS/Resource/Info.plist";
				LD_RUNPATH_SEARCH_PATHS = (
					"$(inherited)",
					"@executable_path/Frameworks",
				);
				PRODUCT_BUNDLE_IDENTIFIER = "io.github.monsteel.petition.DGSW-Petition-iOS";
				PRODUCT_NAME = "$(TARGET_NAME)";
				SWIFT_VERSION = 5.0;
				TARGETED_DEVICE_FAMILY = "1,2";
			};
			name = Release;
		};
/* End XCBuildConfiguration section */

/* Begin XCConfigurationList section */
		6F32E7D625FF230E00269198 /* Build configuration list for PBXProject "DGSW-Petition_iOS" */ = {
			isa = XCConfigurationList;
			buildConfigurations = (
				6F32E7ED25FF231000269198 /* Debug */,
				6F32E7EE25FF231000269198 /* Release */,
			);
			defaultConfigurationIsVisible = 0;
			defaultConfigurationName = Release;
		};
		6F32E7EF25FF231000269198 /* Build configuration list for PBXNativeTarget "DGSW-Petition_iOS" */ = {
			isa = XCConfigurationList;
			buildConfigurations = (
				6F32E7F025FF231000269198 /* Debug */,
				6F32E7F125FF231000269198 /* Release */,
			);
			defaultConfigurationIsVisible = 0;
			defaultConfigurationName = Release;
		};
/* End XCConfigurationList section */

/* Begin XCRemoteSwiftPackageReference section */
		6F10C23E2627F710003133A6 /* XCRemoteSwiftPackageReference "SnapKit" */ = {
			isa = XCRemoteSwiftPackageReference;
			repositoryURL = "https://github.com/SnapKit/SnapKit";
			requirement = {
				kind = upToNextMajorVersion;
				minimumVersion = 5.0.1;
			};
		};
		6F32A872262FF0C50053184A /* XCRemoteSwiftPackageReference "Then" */ = {
			isa = XCRemoteSwiftPackageReference;
			repositoryURL = "https://github.com/devxoul/Then.git";
			requirement = {
				kind = upToNextMajorVersion;
				minimumVersion = 2.7.0;
			};
		};
		6F452A5B263832B100E28713 /* XCRemoteSwiftPackageReference "Tabman" */ = {
			isa = XCRemoteSwiftPackageReference;
			repositoryURL = "https://github.com/uias/Tabman";
			requirement = {
				kind = upToNextMajorVersion;
				minimumVersion = 2.11.1;
			};
		};
		6FB975F3262D262400AF9B8E /* XCRemoteSwiftPackageReference "Moya" */ = {
			isa = XCRemoteSwiftPackageReference;
			repositoryURL = "https://github.com/Moya/Moya.git";
			requirement = {
				kind = upToNextMajorVersion;
				minimumVersion = 14.0.1;
			};
		};
		6FB975F7262D269B00AF9B8E /* XCRemoteSwiftPackageReference "realm-cocoa" */ = {
			isa = XCRemoteSwiftPackageReference;
			repositoryURL = "https://github.com/realm/realm-cocoa.git";
			requirement = {
				kind = upToNextMajorVersion;
				minimumVersion = 10.7.2;
			};
		};
		6FC9B577262811F6009330E1 /* XCRemoteSwiftPackageReference "Toast-Swift" */ = {
			isa = XCRemoteSwiftPackageReference;
			repositoryURL = "https://github.com/scalessec/Toast-Swift.git";
			requirement = {
				kind = upToNextMajorVersion;
				minimumVersion = 5.0.1;
			};
		};
/* End XCRemoteSwiftPackageReference section */

/* Begin XCSwiftPackageProductDependency section */
		6F10C23F2627F710003133A6 /* SnapKit */ = {
			isa = XCSwiftPackageProductDependency;
			package = 6F10C23E2627F710003133A6 /* XCRemoteSwiftPackageReference "SnapKit" */;
			productName = SnapKit;
		};
		6F32A873262FF0C50053184A /* Then */ = {
			isa = XCSwiftPackageProductDependency;
			package = 6F32A872262FF0C50053184A /* XCRemoteSwiftPackageReference "Then" */;
			productName = Then;
		};
		6F452A5C263832B100E28713 /* Tabman */ = {
			isa = XCSwiftPackageProductDependency;
			package = 6F452A5B263832B100E28713 /* XCRemoteSwiftPackageReference "Tabman" */;
			productName = Tabman;
		};
		6FB975F4262D262400AF9B8E /* Moya */ = {
			isa = XCSwiftPackageProductDependency;
			package = 6FB975F3262D262400AF9B8E /* XCRemoteSwiftPackageReference "Moya" */;
			productName = Moya;
		};
		6FB975F8262D269B00AF9B8E /* RealmSwift */ = {
			isa = XCSwiftPackageProductDependency;
			package = 6FB975F7262D269B00AF9B8E /* XCRemoteSwiftPackageReference "realm-cocoa" */;
			productName = RealmSwift;
		};
		6FC9B578262811F6009330E1 /* Toast */ = {
			isa = XCSwiftPackageProductDependency;
			package = 6FC9B577262811F6009330E1 /* XCRemoteSwiftPackageReference "Toast-Swift" */;
			productName = Toast;
		};
/* End XCSwiftPackageProductDependency section */
	};
	rootObject = 6F32E7D325FF230E00269198 /* Project object */;
}
